{
  "name": "Notification",
  "lockfileVersion": 2,
  "requires": true,
  "packages": {
    "": {
      "dependencies": {
        "textbelt": "^0.0.4"
      }
    },
    "node_modules/textbelt": {
      "version": "0.0.4",
      "resolved": "https://registry.npmjs.org/textbelt/-/textbelt-0.0.4.tgz",
      "integrity": "sha512-7HgF9meTJk0zywv5iTjDeE92f+QVjNlIbtYtTkDIGCUlRT9P83cd0W7myL7+mNZNoCviQUTIN3Q1pBAbE3ukLA=="
    }
  },
  "dependencies": {
    "textbelt": {
      "version": "0.0.4",
      "resolved": "https://registry.npmjs.org/textbelt/-/textbelt-0.0.4.tgz",
      "integrity": "sha512-7HgF9meTJk0zywv5iTjDeE92f+QVjNlIbtYtTkDIGCUlRT9P83cd0W7myL7+mNZNoCviQUTIN3Q1pBAbE3ukLA=="
    }
  }
}
